
Microsoft Visual Studio Solution File, Format Version 12.00
# Visual Studio Version 16
VisualStudioVersion = 16.0.31129.286
MinimumVisualStudioVersion = 10.0.40219.1
Project("{FAE04EC0-301F-11D3-BF4B-00C04F79EFBC}") = "BuscAcoes.Dominio", "BuscAcoes.Dominio\BuscAcoes.Dominio.csproj", "{B09CC171-A8B8-463B-AE3F-F2213985437D}"
EndProject
Project("{FAE04EC0-301F-11D3-BF4B-00C04F79EFBC}") = "BuscAcoes.Data", "BuscAcoes.Data\BuscAcoes.Data.csproj", "{751611FA-74B2-4692-8F10-16E54DAA6583}"
EndProject
Project("{2150E333-8FDC-42A3-9474-1A3956D46DE8}") = "BuscAcoes.Aplicacao", "BuscAcoes.Aplicacao", "{EF02408A-BA0C-4547-942A-030FD75FE027}"
EndProject
Project("{FAE04EC0-301F-11D3-BF4B-00C04F79EFBC}") = "BuscAcoes.ServicoMonitoramento", "BuscAcoes.ServicoMonitoramento\BuscAcoes.ServicoMonitoramento.csproj", "{3F21FC77-670C-4521-B310-ABC518A4D378}"
EndProject
Project("{FAE04EC0-301F-11D3-BF4B-00C04F79EFBC}") = "BuscAcoes.Web", "BuscAcoes.Web\BuscAcoes.Web.csproj", "{AD0C66A9-279A-4DD6-B932-5543A31529A6}"
EndProject
Global
	GlobalSection(SolutionConfigurationPlatforms) = preSolution
		Debug|Any CPU = Debug|Any CPU
		Release|Any CPU = Release|Any CPU
	EndGlobalSection
	GlobalSection(ProjectConfigurationPlatforms) = postSolution
		{B09CC171-A8B8-463B-AE3F-F2213985437D}.Debug|Any CPU.ActiveCfg = Debug|Any CPU
		{B09CC171-A8B8-463B-AE3F-F2213985437D}.Debug|Any CPU.Build.0 = Debug|Any CPU
		{B09CC171-A8B8-463B-AE3F-F2213985437D}.Release|Any CPU.ActiveCfg = Release|Any CPU
		{B09CC171-A8B8-463B-AE3F-F2213985437D}.Release|Any CPU.Build.0 = Release|Any CPU
		{751611FA-74B2-4692-8F10-16E54DAA6583}.Debug|Any CPU.ActiveCfg = Debug|Any CPU
		{751611FA-74B2-4692-8F10-16E54DAA6583}.Debug|Any CPU.Build.0 = Debug|Any CPU
		{751611FA-74B2-4692-8F10-16E54DAA6583}.Release|Any CPU.ActiveCfg = Release|Any CPU
		{751611FA-74B2-4692-8F10-16E54DAA6583}.Release|Any CPU.Build.0 = Release|Any CPU
		{3F21FC77-670C-4521-B310-ABC518A4D378}.Debug|Any CPU.ActiveCfg = Debug|Any CPU
		{3F21FC77-670C-4521-B310-ABC518A4D378}.Debug|Any CPU.Build.0 = Debug|Any CPU
		{3F21FC77-670C-4521-B310-ABC518A4D378}.Release|Any CPU.ActiveCfg = Release|Any CPU
		{3F21FC77-670C-4521-B310-ABC518A4D378}.Release|Any CPU.Build.0 = Release|Any CPU
		{AD0C66A9-279A-4DD6-B932-5543A31529A6}.Debug|Any CPU.ActiveCfg = Debug|Any CPU
		{AD0C66A9-279A-4DD6-B932-5543A31529A6}.Debug|Any CPU.Build.0 = Debug|Any CPU
		{AD0C66A9-279A-4DD6-B932-5543A31529A6}.Release|Any CPU.ActiveCfg = Release|Any CPU
		{AD0C66A9-279A-4DD6-B932-5543A31529A6}.Release|Any CPU.Build.0 = Release|Any CPU
	EndGlobalSection
	GlobalSection(SolutionProperties) = preSolution
		HideSolutionNode = FALSE
	EndGlobalSection
	GlobalSection(NestedProjects) = preSolution
		{3F21FC77-670C-4521-B310-ABC518A4D378} = {EF02408A-BA0C-4547-942A-030FD75FE027}
		{AD0C66A9-279A-4DD6-B932-5543A31529A6} = {EF02408A-BA0C-4547-942A-030FD75FE027}
	EndGlobalSection
	GlobalSection(ExtensibilityGlobals) = postSolution
		SolutionGuid = {90BDA057-754F-486F-9435-877C0BBB72A8}
	EndGlobalSection
EndGlobal
